
Microsoft Visual Studio Solution File, Format Version 12.00
# Visual Studio Version 17
VisualStudioVersion = 17.8.34330.188
MinimumVisualStudioVersion = 10.0.40219.1
Project("{9A19103F-16F7-4668-BE54-9A1E7A4F7556}") = "AdoNetBasic", "AdoNetBasic\AdoNetBasic.csproj", "{7814B6E3-DDB5-4178-8788-3310C0449EB2}"
EndProject
Project("{9A19103F-16F7-4668-BE54-9A1E7A4F7556}") = "AdoNetBasic.Tests", "AdoNetBasic.Tests\AdoNetBasic.Tests.csproj", "{D916BD79-276E-4D01-86C2-99F19A4D15D7}"
EndProject
Project("{FAE04EC0-301F-11D3-BF4B-00C04F79EFBC}") = "AdoNetBasic.Business", "AdoNetBasic.Business\AdoNetBasic.Business.csproj", "{47000028-87E1-4565-A042-91A212803CBC}"
EndProject
Global
	GlobalSection(SolutionConfigurationPlatforms) = preSolution
		Debug|Any CPU = Debug|Any CPU
		Release|Any CPU = Release|Any CPU
	EndGlobalSection
	GlobalSection(ProjectConfigurationPlatforms) = postSolution
		{7814B6E3-DDB5-4178-8788-3310C0449EB2}.Debug|Any CPU.ActiveCfg = Debug|Any CPU
		{7814B6E3-DDB5-4178-8788-3310C0449EB2}.Debug|Any CPU.Build.0 = Debug|Any CPU
		{7814B6E3-DDB5-4178-8788-3310C0449EB2}.Release|Any CPU.ActiveCfg = Release|Any CPU
		{7814B6E3-DDB5-4178-8788-3310C0449EB2}.Release|Any CPU.Build.0 = Release|Any CPU
		{D916BD79-276E-4D01-86C2-99F19A4D15D7}.Debug|Any CPU.ActiveCfg = Debug|Any CPU
		{D916BD79-276E-4D01-86C2-99F19A4D15D7}.Debug|Any CPU.Build.0 = Debug|Any CPU
		{D916BD79-276E-4D01-86C2-99F19A4D15D7}.Release|Any CPU.ActiveCfg = Release|Any CPU
		{D916BD79-276E-4D01-86C2-99F19A4D15D7}.Release|Any CPU.Build.0 = Release|Any CPU
		{47000028-87E1-4565-A042-91A212803CBC}.Debug|Any CPU.ActiveCfg = Debug|Any CPU
		{47000028-87E1-4565-A042-91A212803CBC}.Debug|Any CPU.Build.0 = Debug|Any CPU
		{47000028-87E1-4565-A042-91A212803CBC}.Release|Any CPU.ActiveCfg = Release|Any CPU
		{47000028-87E1-4565-A042-91A212803CBC}.Release|Any CPU.Build.0 = Release|Any CPU
	EndGlobalSection
	GlobalSection(SolutionProperties) = preSolution
		HideSolutionNode = FALSE
	EndGlobalSection
	GlobalSection(ExtensibilityGlobals) = postSolution
		SolutionGuid = {FA4C1987-3418-4D71-BD6D-9A69FF48950E}
	EndGlobalSection
EndGlobal
